
Microsoft Visual Studio Solution File, Format Version 12.00
# Visual Studio 14
VisualStudioVersion = 14.0.25420.1
MinimumVisualStudioVersion = 10.0.40219.1
Project("{8BC9CEB8-8B4A-11D0-8D11-00A0C91BC942}") = "common", "common\common.vcxproj", "{808E2645-9B3B-48CA-84DC-E7C1D4D49B5A}"
EndProject
Project("{8BC9CEB8-8B4A-11D0-8D11-00A0C91BC942}") = "decoder", "decoder\decoder.vcxproj", "{2AA57994-F3CC-4637-A9C3-23E46A939283}"
EndProject
Project("{8BC9CEB8-8B4A-11D0-8D11-00A0C91BC942}") = "encoder", "encoder\encoder.vcxproj", "{81BF90E3-4047-4E89-A5EC-1B400D865366}"
EndProject
Global
	GlobalSection(SolutionConfigurationPlatforms) = preSolution
		Debug|x64 = Debug|x64
		Debug|x86 = Debug|x86
		Release|x64 = Release|x64
		Release|x86 = Release|x86
	EndGlobalSection
	GlobalSection(ProjectConfigurationPlatforms) = postSolution
		{808E2645-9B3B-48CA-84DC-E7C1D4D49B5A}.Debug|x64.ActiveCfg = Debug|x64
		{808E2645-9B3B-48CA-84DC-E7C1D4D49B5A}.Debug|x64.Build.0 = Debug|x64
		{808E2645-9B3B-48CA-84DC-E7C1D4D49B5A}.Debug|x86.ActiveCfg = Debug|Win32
		{808E2645-9B3B-48CA-84DC-E7C1D4D49B5A}.Debug|x86.Build.0 = Debug|Win32
		{808E2645-9B3B-48CA-84DC-E7C1D4D49B5A}.Release|x64.ActiveCfg = Release|x64
		{808E2645-9B3B-48CA-84DC-E7C1D4D49B5A}.Release|x64.Build.0 = Release|x64
		{808E2645-9B3B-48CA-84DC-E7C1D4D49B5A}.Release|x86.ActiveCfg = Release|Win32
		{808E2645-9B3B-48CA-84DC-E7C1D4D49B5A}.Release|x86.Build.0 = Release|Win32
		{2AA57994-F3CC-4637-A9C3-23E46A939283}.Debug|x64.ActiveCfg = Debug|x64
		{2AA57994-F3CC-4637-A9C3-23E46A939283}.Debug|x64.Build.0 = Debug|x64
		{2AA57994-F3CC-4637-A9C3-23E46A939283}.Debug|x86.ActiveCfg = Debug|Win32
		{2AA57994-F3CC-4637-A9C3-23E46A939283}.Debug|x86.Build.0 = Debug|Win32
		{2AA57994-F3CC-4637-A9C3-23E46A939283}.Debug|x86.Deploy.0 = Debug|Win32
		{2AA57994-F3CC-4637-A9C3-23E46A939283}.Release|x64.ActiveCfg = Release|x64
		{2AA57994-F3CC-4637-A9C3-23E46A939283}.Release|x64.Build.0 = Release|x64
		{2AA57994-F3CC-4637-A9C3-23E46A939283}.Release|x86.ActiveCfg = Release|Win32
		{2AA57994-F3CC-4637-A9C3-23E46A939283}.Release|x86.Build.0 = Release|Win32
		{81BF90E3-4047-4E89-A5EC-1B400D865366}.Debug|x64.ActiveCfg = Debug|x64
		{81BF90E3-4047-4E89-A5EC-1B400D865366}.Debug|x64.Build.0 = Debug|x64
		{81BF90E3-4047-4E89-A5EC-1B400D865366}.Debug|x86.ActiveCfg = Debug|Win32
		{81BF90E3-4047-4E89-A5EC-1B400D865366}.Debug|x86.Build.0 = Debug|Win32
		{81BF90E3-4047-4E89-A5EC-1B400D865366}.Debug|x86.Deploy.0 = Debug|Win32
		{81BF90E3-4047-4E89-A5EC-1B400D865366}.Release|x64.ActiveCfg = Release|x64
		{81BF90E3-4047-4E89-A5EC-1B400D865366}.Release|x64.Build.0 = Release|x64
		{81BF90E3-4047-4E89-A5EC-1B400D865366}.Release|x86.ActiveCfg = Release|Win32
		{81BF90E3-4047-4E89-A5EC-1B400D865366}.Release|x86.Build.0 = Release|Win32
	EndGlobalSection
	GlobalSection(SolutionProperties) = preSolution
		HideSolutionNode = FALSE
	EndGlobalSection
EndGlobal
